// !$*UTF8*$!
{
	archiveVersion = 1;
	classes = {
	};
	objectVersion = 46;
	objects = {

/* Begin PBXBuildFile section */
		98E6C51B199A94B400461115 /* Foundation.framework in Frameworks */ = {isa = PBXBuildFile; fileRef = 98E6C51A199A94B400461115 /* Foundation.framework */; };
		98E6C51D199A94B400461115 /* CoreGraphics.framework in Frameworks */ = {isa = PBXBuildFile; fileRef = 98E6C51C199A94B400461115 /* CoreGraphics.framework */; };
		98E6C51F199A94B400461115 /* UIKit.framework in Frameworks */ = {isa = PBXBuildFile; fileRef = 98E6C51E199A94B400461115 /* UIKit.framework */; };
		98E6C521199A94B400461115 /* CoreData.framework in Frameworks */ = {isa = PBXBuildFile; fileRef = 98E6C520199A94B400461115 /* CoreData.framework */; };
		98E6C527199A94B400461115 /* InfoPlist.strings in Resources */ = {isa = PBXBuildFile; fileRef = 98E6C525199A94B400461115 /* InfoPlist.strings */; };
		98E6C529199A94B400461115 /* main.m in Sources */ = {isa = PBXBuildFile; fileRef = 98E6C528199A94B400461115 /* main.m */; };
		98E6C52D199A94B400461115 /* AppDelegate.m in Sources */ = {isa = PBXBuildFile; fileRef = 98E6C52C199A94B400461115 /* AppDelegate.m */; };
		98E6C530199A94B400461115 /* Main.storyboard in Resources */ = {isa = PBXBuildFile; fileRef = 98E6C52E199A94B400461115 /* Main.storyboard */; };
		98E6C533199A94B400461115 /* Lost.xcdatamodeld in Sources */ = {isa = PBXBuildFile; fileRef = 98E6C531199A94B400461115 /* Lost.xcdatamodeld */; };
		98E6C536199A94B400461115 /* MasterViewController.m in Sources */ = {isa = PBXBuildFile; fileRef = 98E6C535199A94B400461115 /* MasterViewController.m */; };
		98E6C539199A94B400461115 /* DetailViewController.m in Sources */ = {isa = PBXBuildFile; fileRef = 98E6C538199A94B400461115 /* DetailViewController.m */; };
		98E6C53B199A94B400461115 /* Images.xcassets in Resources */ = {isa = PBXBuildFile; fileRef = 98E6C53A199A94B400461115 /* Images.xcassets */; };
		98E6C542199A94B400461115 /* XCTest.framework in Frameworks */ = {isa = PBXBuildFile; fileRef = 98E6C541199A94B400461115 /* XCTest.framework */; };
		98E6C543199A94B400461115 /* Foundation.framework in Frameworks */ = {isa = PBXBuildFile; fileRef = 98E6C51A199A94B400461115 /* Foundation.framework */; };
		98E6C544199A94B500461115 /* UIKit.framework in Frameworks */ = {isa = PBXBuildFile; fileRef = 98E6C51E199A94B400461115 /* UIKit.framework */; };
		98E6C545199A94B500461115 /* CoreData.framework in Frameworks */ = {isa = PBXBuildFile; fileRef = 98E6C520199A94B400461115 /* CoreData.framework */; };
		98E6C54D199A94B500461115 /* InfoPlist.strings in Resources */ = {isa = PBXBuildFile; fileRef = 98E6C54B199A94B500461115 /* InfoPlist.strings */; };
		98E6C54F199A94B500461115 /* LostTests.m in Sources */ = {isa = PBXBuildFile; fileRef = 98E6C54E199A94B500461115 /* LostTests.m */; };
		98E6C559199A96F500461115 /* lost.plist in Resources */ = {isa = PBXBuildFile; fileRef = 98E6C558199A96F500461115 /* lost.plist */; };
		98E6C55C199A98D100461115 /* Character.m in Sources */ = {isa = PBXBuildFile; fileRef = 98E6C55B199A98D100461115 /* Character.m */; };
		98E6C55F199ABC9D00461115 /* AddViewController.m in Sources */ = {isa = PBXBuildFile; fileRef = 98E6C55E199ABC9D00461115 /* AddViewController.m */; };
/* End PBXBuildFile section */

/* Begin PBXContainerItemProxy section */
		98E6C546199A94B500461115 /* PBXContainerItemProxy */ = {
			isa = PBXContainerItemProxy;
			containerPortal = 98E6C50F199A94B400461115 /* Project object */;
			proxyType = 1;
			remoteGlobalIDString = 98E6C516199A94B400461115;
			remoteInfo = Lost;
		};
/* End PBXContainerItemProxy section */

/* Begin PBXFileReference section */
		98E6C517199A94B400461115 /* Lost.app */ = {isa = PBXFileReference; explicitFileType = wrapper.application; includeInIndex = 0; path = Lost.app; sourceTree = BUILT_PRODUCTS_DIR; };
		98E6C51A199A94B400461115 /* Foundation.framework */ = {isa = PBXFileReference; lastKnownFileType = wrapper.framework; name = Foundation.framework; path = System/Library/Frameworks/Foundation.framework; sourceTree = SDKROOT; };
		98E6C51C199A94B400461115 /* CoreGraphics.framework */ = {isa = PBXFileReference; lastKnownFileType = wrapper.framework; name = CoreGraphics.framework; path = System/Library/Frameworks/CoreGraphics.framework; sourceTree = SDKROOT; };
		98E6C51E199A94B400461115 /* UIKit.framework */ = {isa = PBXFileReference; lastKnownFileType = wrapper.framework; name = UIKit.framework; path = System/Library/Frameworks/UIKit.framework; sourceTree = SDKROOT; };
		98E6C520199A94B400461115 /* CoreData.framework */ = {isa = PBXFileReference; lastKnownFileType = wrapper.framework; name = CoreData.framework; path = System/Library/Frameworks/CoreData.framework; sourceTree = SDKROOT; };
		98E6C524199A94B400461115 /* Lost-Info.plist */ = {isa = PBXFileReference; lastKnownFileType = text.plist.xml; path = "Lost-Info.plist"; sourceTree = "<group>"; };
		98E6C526199A94B400461115 /* en */ = {isa = PBXFileReference; lastKnownFileType = text.plist.strings; name = en; path = en.lproj/InfoPlist.strings; sourceTree = "<group>"; };
		98E6C528199A94B400461115 /* main.m */ = {isa = PBXFileReference; lastKnownFileType = sourcecode.c.objc; path = main.m; sourceTree = "<group>"; };
		98E6C52A199A94B400461115 /* Lost-Prefix.pch */ = {isa = PBXFileReference; lastKnownFileType = sourcecode.c.h; path = "Lost-Prefix.pch"; sourceTree = "<group>"; };
		98E6C52B199A94B400461115 /* AppDelegate.h */ = {isa = PBXFileReference; lastKnownFileType = sourcecode.c.h; path = AppDelegate.h; sourceTree = "<group>"; };
		98E6C52C199A94B400461115 /* AppDelegate.m */ = {isa = PBXFileReference; lastKnownFileType = sourcecode.c.objc; path = AppDelegate.m; sourceTree = "<group>"; };
		98E6C52F199A94B400461115 /* Base */ = {isa = PBXFileReference; lastKnownFileType = file.storyboard; name = Base; path = Base.lproj/Main.storyboard; sourceTree = "<group>"; };
		98E6C532199A94B400461115 /* Lost.xcdatamodel */ = {isa = PBXFileReference; lastKnownFileType = wrapper.xcdatamodel; path = Lost.xcdatamodel; sourceTree = "<group>"; };
		98E6C534199A94B400461115 /* MasterViewController.h */ = {isa = PBXFileReference; lastKnownFileType = sourcecode.c.h; path = MasterViewController.h; sourceTree = "<group>"; };
		98E6C535199A94B400461115 /* MasterViewController.m */ = {isa = PBXFileReference; lastKnownFileType = sourcecode.c.objc; path = MasterViewController.m; sourceTree = "<group>"; };
		98E6C537199A94B400461115 /* DetailViewController.h */ = {isa = PBXFileReference; lastKnownFileType = sourcecode.c.h; path = DetailViewController.h; sourceTree = "<group>"; };
		98E6C538199A94B400461115 /* DetailViewController.m */ = {isa = PBXFileReference; lastKnownFileType = sourcecode.c.objc; path = DetailViewController.m; sourceTree = "<group>"; };
		98E6C53A199A94B400461115 /* Images.xcassets */ = {isa = PBXFileReference; lastKnownFileType = folder.assetcatalog; path = Images.xcassets; sourceTree = "<group>"; };
		98E6C540199A94B400461115 /* LostTests.xctest */ = {isa = PBXFileReference; explicitFileType = wrapper.cfbundle; includeInIndex = 0; path = LostTests.xctest; sourceTree = BUILT_PRODUCTS_DIR; };
		98E6C541199A94B400461115 /* XCTest.framework */ = {isa = PBXFileReference; lastKnownFileType = wrapper.framework; name = XCTest.framework; path = Library/Frameworks/XCTest.framework; sourceTree = DEVELOPER_DIR; };
		98E6C54A199A94B500461115 /* LostTests-Info.plist */ = {isa = PBXFileReference; lastKnownFileType = text.plist.xml; path = "LostTests-Info.plist"; sourceTree = "<group>"; };
		98E6C54C199A94B500461115 /* en */ = {isa = PBXFileReference; lastKnownFileType = text.plist.strings; name = en; path = en.lproj/InfoPlist.strings; sourceTree = "<group>"; };
		98E6C54E199A94B500461115 /* LostTests.m */ = {isa = PBXFileReference; lastKnownFileType = sourcecode.c.objc; path = LostTests.m; sourceTree = "<group>"; };
		98E6C558199A96F500461115 /* lost.plist */ = {isa = PBXFileReference; fileEncoding = 4; lastKnownFileType = text.plist.xml; path = lost.plist; sourceTree = "<group>"; };
		98E6C55A199A98D100461115 /* Character.h */ = {isa = PBXFileReference; fileEncoding = 4; lastKnownFileType = sourcecode.c.h; path = Character.h; sourceTree = "<group>"; };
		98E6C55B199A98D100461115 /* Character.m */ = {isa = PBXFileReference; fileEncoding = 4; lastKnownFileType = sourcecode.c.objc; path = Character.m; sourceTree = "<group>"; };
		98E6C55D199ABC9D00461115 /* AddViewController.h */ = {isa = PBXFileReference; fileEncoding = 4; lastKnownFileType = sourcecode.c.h; path = AddViewController.h; sourceTree = "<group>"; };
		98E6C55E199ABC9D00461115 /* AddViewController.m */ = {isa = PBXFileReference; fileEncoding = 4; lastKnownFileType = sourcecode.c.objc; path = AddViewController.m; sourceTree = "<group>"; };
/* End PBXFileReference section */

/* Begin PBXFrameworksBuildPhase section */
		98E6C514199A94B400461115 /* Frameworks */ = {
			isa = PBXFrameworksBuildPhase;
			buildActionMask = 2147483647;
			files = (
				98E6C51D199A94B400461115 /* CoreGraphics.framework in Frameworks */,
				98E6C521199A94B400461115 /* CoreData.framework in Frameworks */,
				98E6C51F199A94B400461115 /* UIKit.framework in Frameworks */,
				98E6C51B199A94B400461115 /* Foundation.framework in Frameworks */,
			);
			runOnlyForDeploymentPostprocessing = 0;
		};
		98E6C53D199A94B400461115 /* Frameworks */ = {
			isa = PBXFrameworksBuildPhase;
			buildActionMask = 2147483647;
			files = (
				98E6C542199A94B400461115 /* XCTest.framework in Frameworks */,
				98E6C545199A94B500461115 /* CoreData.framework in Frameworks */,
				98E6C544199A94B500461115 /* UIKit.framework in Frameworks */,
				98E6C543199A94B400461115 /* Foundation.framework in Frameworks */,
			);
			runOnlyForDeploymentPostprocessing = 0;
		};
/* End PBXFrameworksBuildPhase section */

/* Begin PBXGroup section */
		98E6C50E199A94B400461115 = {
			isa = PBXGroup;
			children = (
				98E6C522199A94B400461115 /* Lost */,
				98E6C548199A94B500461115 /* LostTests */,
				98E6C519199A94B400461115 /* Frameworks */,
				98E6C518199A94B400461115 /* Products */,
			);
			sourceTree = "<group>";
		};
		98E6C518199A94B400461115 /* Products */ = {
			isa = PBXGroup;
			children = (
				98E6C517199A94B400461115 /* Lost.app */,
				98E6C540199A94B400461115 /* LostTests.xctest */,
			);
			name = Products;
			sourceTree = "<group>";
		};
		98E6C519199A94B400461115 /* Frameworks */ = {
			isa = PBXGroup;
			children = (
				98E6C51A199A94B400461115 /* Foundation.framework */,
				98E6C51C199A94B400461115 /* CoreGraphics.framework */,
				98E6C51E199A94B400461115 /* UIKit.framework */,
				98E6C520199A94B400461115 /* CoreData.framework */,
				98E6C541199A94B400461115 /* XCTest.framework */,
			);
			name = Frameworks;
			sourceTree = "<group>";
		};
		98E6C522199A94B400461115 /* Lost */ = {
			isa = PBXGroup;
			children = (
				98E6C52B199A94B400461115 /* AppDelegate.h */,
				98E6C52C199A94B400461115 /* AppDelegate.m */,
				98E6C52E199A94B400461115 /* Main.storyboard */,
				98E6C534199A94B400461115 /* MasterViewController.h */,
				98E6C535199A94B400461115 /* MasterViewController.m */,
				98E6C55D199ABC9D00461115 /* AddViewController.h */,
				98E6C55E199ABC9D00461115 /* AddViewController.m */,
				98E6C537199A94B400461115 /* DetailViewController.h */,
				98E6C538199A94B400461115 /* DetailViewController.m */,
				98E6C53A199A94B400461115 /* Images.xcassets */,
				98E6C531199A94B400461115 /* Lost.xcdatamodeld */,
				98E6C55A199A98D100461115 /* Character.h */,
				98E6C55B199A98D100461115 /* Character.m */,
				98E6C523199A94B400461115 /* Supporting Files */,
			);
			path = Lost;
			sourceTree = "<group>";
		};
		98E6C523199A94B400461115 /* Supporting Files */ = {
			isa = PBXGroup;
			children = (
				98E6C558199A96F500461115 /* lost.plist */,
				98E6C524199A94B400461115 /* Lost-Info.plist */,
				98E6C525199A94B400461115 /* InfoPlist.strings */,
				98E6C528199A94B400461115 /* main.m */,
				98E6C52A199A94B400461115 /* Lost-Prefix.pch */,
			);
			name = "Supporting Files";
			sourceTree = "<group>";
		};
		98E6C548199A94B500461115 /* LostTests */ = {
			isa = PBXGroup;
			children = (
				98E6C54E199A94B500461115 /* LostTests.m */,
				98E6C549199A94B500461115 /* Supporting Files */,
			);
			path = LostTests;
			sourceTree = "<group>";
		};
		98E6C549199A94B500461115 /* Supporting Files */ = {
			isa = PBXGroup;
			children = (
				98E6C54A199A94B500461115 /* LostTests-Info.plist */,
				98E6C54B199A94B500461115 /* InfoPlist.strings */,
			);
			name = "Supporting Files";
			sourceTree = "<group>";
		};
/* End PBXGroup section */

/* Begin PBXNativeTarget section */
		98E6C516199A94B400461115 /* Lost */ = {
			isa = PBXNativeTarget;
			buildConfigurationList = 98E6C552199A94B500461115 /* Build configuration list for PBXNativeTarget "Lost" */;
			buildPhases = (
				98E6C513199A94B400461115 /* Sources */,
				98E6C514199A94B400461115 /* Frameworks */,
				98E6C515199A94B400461115 /* Resources */,
			);
			buildRules = (
			);
			dependencies = (
			);
			name = Lost;
			productName = Lost;
			productReference = 98E6C517199A94B400461115 /* Lost.app */;
			productType = "com.apple.product-type.application";
		};
		98E6C53F199A94B400461115 /* LostTests */ = {
			isa = PBXNativeTarget;
			buildConfigurationList = 98E6C555199A94B500461115 /* Build configuration list for PBXNativeTarget "LostTests" */;
			buildPhases = (
				98E6C53C199A94B400461115 /* Sources */,
				98E6C53D199A94B400461115 /* Frameworks */,
				98E6C53E199A94B400461115 /* Resources */,
			);
			buildRules = (
			);
			dependencies = (
				98E6C547199A94B500461115 /* PBXTargetDependency */,
			);
			name = LostTests;
			productName = LostTests;
			productReference = 98E6C540199A94B400461115 /* LostTests.xctest */;
			productType = "com.apple.product-type.bundle.unit-test";
		};
/* End PBXNativeTarget section */

/* Begin PBXProject section */
		98E6C50F199A94B400461115 /* Project object */ = {
			isa = PBXProject;
			attributes = {
				LastUpgradeCheck = 0510;
				ORGANIZATIONNAME = "Mobile Makers";
				TargetAttributes = {
					98E6C53F199A94B400461115 = {
						TestTargetID = 98E6C516199A94B400461115;
					};
				};
			};
			buildConfigurationList = 98E6C512199A94B400461115 /* Build configuration list for PBXProject "Lost" */;
			compatibilityVersion = "Xcode 3.2";
			developmentRegion = English;
			hasScannedForEncodings = 0;
			knownRegions = (
				en,
				Base,
			);
			mainGroup = 98E6C50E199A94B400461115;
			productRefGroup = 98E6C518199A94B400461115 /* Products */;
			projectDirPath = "";
			projectRoot = "";
			targets = (
				98E6C516199A94B400461115 /* Lost */,
				98E6C53F199A94B400461115 /* LostTests */,
			);
		};
/* End PBXProject section */

/* Begin PBXResourcesBuildPhase section */
		98E6C515199A94B400461115 /* Resources */ = {
			isa = PBXResourcesBuildPhase;
			buildActionMask = 2147483647;
			files = (
				98E6C53B199A94B400461115 /* Images.xcassets in Resources */,
				98E6C527199A94B400461115 /* InfoPlist.strings in Resources */,
				98E6C559199A96F500461115 /* lost.plist in Resources */,
				98E6C530199A94B400461115 /* Main.storyboard in Resources */,
			);
			runOnlyForDeploymentPostprocessing = 0;
		};
		98E6C53E199A94B400461115 /* Resources */ = {
			isa = PBXResourcesBuildPhase;
			buildActionMask = 2147483647;
			files = (
				98E6C54D199A94B500461115 /* InfoPlist.strings in Resources */,
			);
			runOnlyForDeploymentPostprocessing = 0;
		};
/* End PBXResourcesBuildPhase section */

/* Begin PBXSourcesBuildPhase section */
		98E6C513199A94B400461115 /* Sources */ = {
			isa = PBXSourcesBuildPhase;
			buildActionMask = 2147483647;
			files = (
				98E6C539199A94B400461115 /* DetailViewController.m in Sources */,
				98E6C536199A94B400461115 /* MasterViewController.m in Sources */,
				98E6C52D199A94B400461115 /* AppDelegate.m in Sources */,
				98E6C55F199ABC9D00461115 /* AddViewController.m in Sources */,
				98E6C533199A94B400461115 /* Lost.xcdatamodeld in Sources */,
				98E6C529199A94B400461115 /* main.m in Sources */,
				98E6C55C199A98D100461115 /* Character.m in Sources */,
			);
			runOnlyForDeploymentPostprocessing = 0;
		};
		98E6C53C199A94B400461115 /* Sources */ = {
			isa = PBXSourcesBuildPhase;
			buildActionMask = 2147483647;
			files = (
				98E6C54F199A94B500461115 /* LostTests.m in Sources */,
			);
			runOnlyForDeploymentPostprocessing = 0;
		};
/* End PBXSourcesBuildPhase section */

/* Begin PBXTargetDependency section */
		98E6C547199A94B500461115 /* PBXTargetDependency */ = {
			isa = PBXTargetDependency;
			target = 98E6C516199A94B400461115 /* Lost */;
			targetProxy = 98E6C546199A94B500461115 /* PBXContainerItemProxy */;
		};
/* End PBXTargetDependency section */

/* Begin PBXVariantGroup section */
		98E6C525199A94B400461115 /* InfoPlist.strings */ = {
			isa = PBXVariantGroup;
			children = (
				98E6C526199A94B400461115 /* en */,
			);
			name = InfoPlist.strings;
			sourceTree = "<group>";
		};
		98E6C52E199A94B400461115 /* Main.storyboard */ = {
			isa = PBXVariantGroup;
			children = (
				98E6C52F199A94B400461115 /* Base */,
			);
			name = Main.storyboard;
			sourceTree = "<group>";
		};
		98E6C54B199A94B500461115 /* InfoPlist.strings */ = {
			isa = PBXVariantGroup;
			children = (
				98E6C54C199A94B500461115 /* en */,
			);
			name = InfoPlist.strings;
			sourceTree = "<group>";
		};
/* End PBXVariantGroup section */

/* Begin XCBuildConfiguration section */
		98E6C550199A94B500461115 /* Debug */ = {
			isa = XCBuildConfiguration;
			buildSettings = {
				ALWAYS_SEARCH_USER_PATHS = NO;
				CLANG_CXX_LANGUAGE_STANDARD = "gnu++0x";
				CLANG_CXX_LIBRARY = "libc++";
				CLANG_ENABLE_MODULES = YES;
				CLANG_ENABLE_OBJC_ARC = YES;
				CLANG_WARN_BOOL_CONVERSION = YES;
				CLANG_WARN_CONSTANT_CONVERSION = YES;
				CLANG_WARN_DIRECT_OBJC_ISA_USAGE = YES_ERROR;
				CLANG_WARN_EMPTY_BODY = YES;
				CLANG_WARN_ENUM_CONVERSION = YES;
				CLANG_WARN_INT_CONVERSION = YES;
				CLANG_WARN_OBJC_ROOT_CLASS = YES_ERROR;
				CLANG_WARN__DUPLICATE_METHOD_MATCH = YES;
				"CODE_SIGN_IDENTITY[sdk=iphoneos*]" = "iPhone Developer";
				COPY_PHASE_STRIP = NO;
				GCC_C_LANGUAGE_STANDARD = gnu99;
				GCC_DYNAMIC_NO_PIC = NO;
				GCC_OPTIMIZATION_LEVEL = 0;
				GCC_PREPROCESSOR_DEFINITIONS = (
					"DEBUG=1",
					"$(inherited)",
				);
				GCC_SYMBOLS_PRIVATE_EXTERN = NO;
				GCC_WARN_64_TO_32_BIT_CONVERSION = YES;
				GCC_WARN_ABOUT_RETURN_TYPE = YES_ERROR;
				GCC_WARN_UNDECLARED_SELECTOR = YES;
				GCC_WARN_UNINITIALIZED_AUTOS = YES_AGGRESSIVE;
				GCC_WARN_UNUSED_FUNCTION = YES;
				GCC_WARN_UNUSED_VARIABLE = YES;
				IPHONEOS_DEPLOYMENT_TARGET = 7.1;
				ONLY_ACTIVE_ARCH = YES;
				SDKROOT = iphoneos;
			};
			name = Debug;
		};
		98E6C551199A94B500461115 /* Release */ = {
			isa = XCBuildConfiguration;
			buildSettings = {
				ALWAYS_SEARCH_USER_PATHS = NO;
				CLANG_CXX_LANGUAGE_STANDARD = "gnu++0x";
				CLANG_CXX_LIBRARY = "libc++";
				CLANG_ENABLE_MODULES = YES;
				CLANG_ENABLE_OBJC_ARC = YES;
				CLANG_WARN_BOOL_CONVERSION = YES;
				CLANG_WARN_CONSTANT_CONVERSION = YES;
				CLANG_WARN_DIRECT_OBJC_ISA_USAGE = YES_ERROR;
				CLANG_WARN_EMPTY_BODY = YES;
				CLANG_WARN_ENUM_CONVERSION = YES;
				CLANG_WARN_INT_CONVERSION = YES;
				CLANG_WARN_OBJC_ROOT_CLASS = YES_ERROR;
				CLANG_WARN__DUPLICATE_METHOD_MATCH = YES;
				"CODE_SIGN_IDENTITY[sdk=iphoneos*]" = "iPhone Developer";
				COPY_PHASE_STRIP = YES;
				ENABLE_NS_ASSERTIONS = NO;
				GCC_C_LANGUAGE_STANDARD = gnu99;
				GCC_WARN_64_TO_32_BIT_CONVERSION = YES;
				GCC_WARN_ABOUT_RETURN_TYPE = YES_ERROR;
				GCC_WARN_UNDECLARED_SELECTOR = YES;
				GCC_WARN_UNINITIALIZED_AUTOS = YES_AGGRESSIVE;
				GCC_WARN_UNUSED_FUNCTION = YES;
				GCC_WARN_UNUSED_VARIABLE = YES;
				IPHONEOS_DEPLOYMENT_TARGET = 7.1;
				SDKROOT = iphoneos;
				VALIDATE_PRODUCT = YES;
			};
			name = Release;
		};
		98E6C553199A94B500461115 /* Debug */ = {
			isa = XCBuildConfiguration;
			buildSettings = {
				ASSETCATALOG_COMPILER_APPICON_NAME = AppIcon;
				ASSETCATALOG_COMPILER_LAUNCHIMAGE_NAME = LaunchImage;
				GCC_PRECOMPILE_PREFIX_HEADER = YES;
				GCC_PREFIX_HEADER = "Lost/Lost-Prefix.pch";
				INFOPLIST_FILE = "Lost/Lost-Info.plist";
				PRODUCT_NAME = "$(TARGET_NAME)";
				WRAPPER_EXTENSION = app;
			};
			name = Debug;
		};
		98E6C554199A94B500461115 /* Release */ = {
			isa = XCBuildConfiguration;
			buildSettings = {
				ASSETCATALOG_COMPILER_APPICON_NAME = AppIcon;
				ASSETCATALOG_COMPILER_LAUNCHIMAGE_NAME = LaunchImage;
				GCC_PRECOMPILE_PREFIX_HEADER = YES;
				GCC_PREFIX_HEADER = "Lost/Lost-Prefix.pch";
				INFOPLIST_FILE = "Lost/Lost-Info.plist";
				PRODUCT_NAME = "$(TARGET_NAME)";
				WRAPPER_EXTENSION = app;
			};
			name = Release;
		};
		98E6C556199A94B500461115 /* Debug */ = {
			isa = XCBuildConfiguration;
			buildSettings = {
				BUNDLE_LOADER = "$(BUILT_PRODUCTS_DIR)/Lost.app/Lost";
				FRAMEWORK_SEARCH_PATHS = (
					"$(SDKROOT)/Developer/Library/Frameworks",
					"$(inherited)",
					"$(DEVELOPER_FRAMEWORKS_DIR)",
				);
				GCC_PRECOMPILE_PREFIX_HEADER = YES;
				GCC_PREFIX_HEADER = "Lost/Lost-Prefix.pch";
				GCC_PREPROCESSOR_DEFINITIONS = (
					"DEBUG=1",
					"$(inherited)",
				);
				INFOPLIST_FILE = "LostTests/LostTests-Info.plist";
				PRODUCT_NAME = "$(TARGET_NAME)";
				TEST_HOST = "$(BUNDLE_LOADER)";
				WRAPPER_EXTENSION = xctest;
			};
			name = Debug;
		};
		98E6C557199A94B500461115 /* Release */ = {
			isa = XCBuildConfiguration;
			buildSettings = {
				BUNDLE_LOADER = "$(BUILT_PRODUCTS_DIR)/Lost.app/Lost";
				FRAMEWORK_SEARCH_PATHS = (
					"$(SDKROOT)/Developer/Library/Frameworks",
					"$(inherited)",
					"$(DEVELOPER_FRAMEWORKS_DIR)",
				);
				GCC_PRECOMPILE_PREFIX_HEADER = YES;
				GCC_PREFIX_HEADER = "Lost/Lost-Prefix.pch";
				INFOPLIST_FILE = "LostTests/LostTests-Info.plist";
				PRODUCT_NAME = "$(TARGET_NAME)";
				TEST_HOST = "$(BUNDLE_LOADER)";
				WRAPPER_EXTENSION = xctest;
			};
			name = Release;
		};
/* End XCBuildConfiguration section */

/* Begin XCConfigurationList section */
		98E6C512199A94B400461115 /* Build configuration list for PBXProject "Lost" */ = {
			isa = XCConfigurationList;
			buildConfigurations = (
				98E6C550199A94B500461115 /* Debug */,
				98E6C551199A94B500461115 /* Release */,
			);
			defaultConfigurationIsVisible = 0;
			defaultConfigurationName = Release;
		};
		98E6C552199A94B500461115 /* Build configuration list for PBXNativeTarget "Lost" */ = {
			isa = XCConfigurationList;
			buildConfigurations = (
				98E6C553199A94B500461115 /* Debug */,
				98E6C554199A94B500461115 /* Release */,
			);
			defaultConfigurationIsVisible = 0;
			defaultConfigurationName = Release;
		};
		98E6C555199A94B500461115 /* Build configuration list for PBXNativeTarget "LostTests" */ = {
			isa = XCConfigurationList;
			buildConfigurations = (
				98E6C556199A94B500461115 /* Debug */,
				98E6C557199A94B500461115 /* Release */,
			);
			defaultConfigurationIsVisible = 0;
			defaultConfigurationName = Release;
		};
/* End XCConfigurationList section */

/* Begin XCVersionGroup section */
		98E6C531199A94B400461115 /* Lost.xcdatamodeld */ = {
			isa = XCVersionGroup;
			children = (
				98E6C532199A94B400461115 /* Lost.xcdatamodel */,
			);
			currentVersion = 98E6C532199A94B400461115 /* Lost.xcdatamodel */;
			path = Lost.xcdatamodeld;
			sourceTree = "<group>";
			versionGroupType = wrapper.xcdatamodel;
		};
/* End XCVersionGroup section */
	};
	rootObject = 98E6C50F199A94B400461115 /* Project object */;
}
